
Microsoft Visual Studio Solution File, Format Version 12.00
# Visual Studio Version 17
VisualStudioVersion = 17.2.32616.157
MinimumVisualStudioVersion = 10.0.40219.1
Project("{FAE04EC0-301F-11D3-BF4B-00C04F79EFBC}") = "Banco", "Banco\Banco.csproj", "{C5930360-E512-4D54-9512-39B2D5478ACE}"
EndProject
Global
	GlobalSection(SolutionConfigurationPlatforms) = preSolution
		Debug|Any CPU = Debug|Any CPU
		Release|Any CPU = Release|Any CPU
	EndGlobalSection
	GlobalSection(ProjectConfigurationPlatforms) = postSolution
		{C5930360-E512-4D54-9512-39B2D5478ACE}.Debug|Any CPU.ActiveCfg = Debug|Any CPU
		{C5930360-E512-4D54-9512-39B2D5478ACE}.Debug|Any CPU.Build.0 = Debug|Any CPU
		{C5930360-E512-4D54-9512-39B2D5478ACE}.Release|Any CPU.ActiveCfg = Release|Any CPU
		{C5930360-E512-4D54-9512-39B2D5478ACE}.Release|Any CPU.Build.0 = Release|Any CPU
	EndGlobalSection
	GlobalSection(SolutionProperties) = preSolution
		HideSolutionNode = FALSE
	EndGlobalSection
	GlobalSection(ExtensibilityGlobals) = postSolution
		SolutionGuid = {86EB0736-610E-4620-8F88-12394C350333}
	EndGlobalSection
EndGlobal
